
Microsoft Visual Studio Solution File, Format Version 12.00
# Visual Studio Version 16
VisualStudioVersion = 16.0.29920.165
MinimumVisualStudioVersion = 10.0.40219.1
Project("{FAE04EC0-301F-11D3-BF4B-00C04F79EFBC}") = "LNBSports_Shop", "LNBSports_Shop\LNBSports_Shop.csproj", "{9EF1473A-473D-48DB-8E74-7B122B9DA7F8}"
EndProject
Project("{FAE04EC0-301F-11D3-BF4B-00C04F79EFBC}") = "Models", "Models\Models.csproj", "{1120A0E6-2A64-4F92-AD60-0B88E12E3EA8}"
EndProject
Global
	GlobalSection(SolutionConfigurationPlatforms) = preSolution
		Debug|Any CPU = Debug|Any CPU
		Release|Any CPU = Release|Any CPU
	EndGlobalSection
	GlobalSection(ProjectConfigurationPlatforms) = postSolution
		{9EF1473A-473D-48DB-8E74-7B122B9DA7F8}.Debug|Any CPU.ActiveCfg = Debug|Any CPU
		{9EF1473A-473D-48DB-8E74-7B122B9DA7F8}.Debug|Any CPU.Build.0 = Debug|Any CPU
		{9EF1473A-473D-48DB-8E74-7B122B9DA7F8}.Release|Any CPU.ActiveCfg = Release|Any CPU
		{9EF1473A-473D-48DB-8E74-7B122B9DA7F8}.Release|Any CPU.Build.0 = Release|Any CPU
		{1120A0E6-2A64-4F92-AD60-0B88E12E3EA8}.Debug|Any CPU.ActiveCfg = Debug|Any CPU
		{1120A0E6-2A64-4F92-AD60-0B88E12E3EA8}.Debug|Any CPU.Build.0 = Debug|Any CPU
		{1120A0E6-2A64-4F92-AD60-0B88E12E3EA8}.Release|Any CPU.ActiveCfg = Release|Any CPU
		{1120A0E6-2A64-4F92-AD60-0B88E12E3EA8}.Release|Any CPU.Build.0 = Release|Any CPU
	EndGlobalSection
	GlobalSection(SolutionProperties) = preSolution
		HideSolutionNode = FALSE
	EndGlobalSection
	GlobalSection(ExtensibilityGlobals) = postSolution
		SolutionGuid = {F22B7802-0648-4538-ACCC-0A0D020A7678}
	EndGlobalSection
EndGlobal
